
Microsoft Visual Studio Solution File, Format Version 12.00
# Visual Studio Version 17
VisualStudioVersion = 17.11.35327.3
MinimumVisualStudioVersion = 10.0.40219.1
Project("{2150E333-8FDC-42A3-9474-1A3956D46DE8}") = "Task0", "Task0", "{421AD164-C59E-409C-B925-C0465F59EDCA}"
EndProject
Project("{9A19103F-16F7-4668-BE54-9A1E7A4F7556}") = "Tyuiu.KhabibullinMR.Sprint2.Task0.V19", "Tyuiu.KhabibullinMR.Sprint2.Task0.V19\Tyuiu.KhabibullinMR.Sprint2.Task0.V19.csproj", "{75DE3F88-63F6-4507-BC20-CCBC67B330D7}"
EndProject
Project("{9A19103F-16F7-4668-BE54-9A1E7A4F7556}") = "Tyuiu.KhabibullinMR.Sprint2.Task0.V19.Test", "Tyuiu.KhabibullinMR.Sprint2.Task0.V19.Test\Tyuiu.KhabibullinMR.Sprint2.Task0.V19.Test.csproj", "{ED56DFDE-84FC-4BE9-BD76-F30FE0D21FAD}"
EndProject
Project("{9A19103F-16F7-4668-BE54-9A1E7A4F7556}") = "Tyuiu.KhabibullinMR.Sprint2.Task0.V19.Lib", "Tyuiu.KhabibullinMR.Sprint2.Task0.V19.Lib\Tyuiu.KhabibullinMR.Sprint2.Task0.V19.Lib.csproj", "{553426E3-4BB1-4663-9F27-8F50A969B3F4}"
EndProject
Project("{2150E333-8FDC-42A3-9474-1A3956D46DE8}") = "Task1", "Task1", "{F84507D9-76AD-4EF8-BB68-E8C7F5623834}"
EndProject
Project("{9A19103F-16F7-4668-BE54-9A1E7A4F7556}") = "Tyuiu.KhabibullinMR.Sprint2.Task1.V27", "Tyuiu.KhabibullinMR.Sprint2.Task1.V27\Tyuiu.KhabibullinMR.Sprint2.Task1.V27.csproj", "{A2014A53-54CE-4A73-8F81-EBC5A53B10AE}"
EndProject
Project("{9A19103F-16F7-4668-BE54-9A1E7A4F7556}") = "Tyuiu.KhabibullinMR.Sprint2.Task1.V27.Lib", "Tyuiu.KhabibullinMR.Sprint2.Task1.V27.Lib\Tyuiu.KhabibullinMR.Sprint2.Task1.V27.Lib.csproj", "{A1266094-00EB-4EDE-BFE3-A4296CB0263C}"
EndProject
Project("{9A19103F-16F7-4668-BE54-9A1E7A4F7556}") = "Tyuiu.KhabibullinMR.Sprint2.Task1.V27.Test", "Tyuiu.KhabibullinMR.Sprint2.Task1.V27.Test\Tyuiu.KhabibullinMR.Sprint2.Task1.V27.Test.csproj", "{26580F80-142E-4A35-92AF-0E4102DDD535}"
EndProject
Project("{2150E333-8FDC-42A3-9474-1A3956D46DE8}") = "Task2", "Task2", "{D5F465E5-47FF-4F97-8AA7-546E49212622}"
EndProject
Project("{9A19103F-16F7-4668-BE54-9A1E7A4F7556}") = "Tyuiu.KhabibullinMR.Sprint2.Task2.V30", "Tyuiu.KhabibullinMR.Sprint2.Task2.V30\Tyuiu.KhabibullinMR.Sprint2.Task2.V30.csproj", "{B6531AE8-A1AA-4354-8C4D-E6B94DE07320}"
EndProject
Project("{9A19103F-16F7-4668-BE54-9A1E7A4F7556}") = "Tyuiu.KhabibullinMR.Sprint2.Task2.V30.Test", "Tyuiu.KhabibullinMR.Sprint2.Task2.V30.Test\Tyuiu.KhabibullinMR.Sprint2.Task2.V30.Test.csproj", "{35C2F5C7-DB2E-482A-9F94-C371F03878BB}"
EndProject
Project("{9A19103F-16F7-4668-BE54-9A1E7A4F7556}") = "Tyuiu.KhabibullinMR.Sprint2.Task2.V30.Lib", "Tyuiu.KhabibullinMR.Sprint2.Task2.V30.Lib\Tyuiu.KhabibullinMR.Sprint2.Task2.V30.Lib.csproj", "{02C415CD-A403-4421-96B8-077C38C0E9EB}"
EndProject
Project("{2150E333-8FDC-42A3-9474-1A3956D46DE8}") = "Task3", "Task3", "{88B67F6C-9202-48B9-BBF1-83608EBD3CFE}"
EndProject
Project("{9A19103F-16F7-4668-BE54-9A1E7A4F7556}") = "Tyuiu.KhabibullinMR.Sprint2.Task3.V28", "Tyuiu.KhabibullinMR.Sprint2.Task3.V28\Tyuiu.KhabibullinMR.Sprint2.Task3.V28.csproj", "{4DAAEDF4-625C-4FA9-BCDE-B6DB55196A13}"
EndProject
Project("{9A19103F-16F7-4668-BE54-9A1E7A4F7556}") = "Tyuiu.KhabibullinMR.Sprint2.Task3.V28.Lib", "Tyuiu.KhabibullinMR.Sprint2.Task3.V28.Lib\Tyuiu.KhabibullinMR.Sprint2.Task3.V28.Lib.csproj", "{AD964519-B01F-46E9-A00E-CBD12257A8CE}"
EndProject
Project("{9A19103F-16F7-4668-BE54-9A1E7A4F7556}") = "Tyuiu.KhabibullinMR.Sprint2.Task3.V28.Test", "Tyuiu.KhabibullinMR.Sprint2.Task3.V28.Test\Tyuiu.KhabibullinMR.Sprint2.Task3.V28.Test.csproj", "{B01ECD55-F424-4DB8-8C1F-7500A3C7269E}"
EndProject
Project("{2150E333-8FDC-42A3-9474-1A3956D46DE8}") = "Task4", "Task4", "{2F975FB2-A990-4A08-8095-23E9460CE38C}"
EndProject
Project("{FAE04EC0-301F-11D3-BF4B-00C04F79EFBC}") = "Tyuiu.KhabibullinMR.Sprint2.Task4.V4", "Tyuiu.KhabibullinMR.Sprint2.Task4.V4\Tyuiu.KhabibullinMR.Sprint2.Task4.V4.csproj", "{5BE59D81-5862-4949-962E-08853750B774}"
EndProject
Project("{FAE04EC0-301F-11D3-BF4B-00C04F79EFBC}") = "Tyuiu.KhabibullinMR.Sprint2.Task4.V4.Lib", "Tyuiu.KhabibullinMR.Sprint2.Task4.V4.Lib\Tyuiu.KhabibullinMR.Sprint2.Task4.V4.Lib.csproj", "{8C1889D8-4E6B-48F1-B853-7CF7C50F8166}"
EndProject
Project("{FAE04EC0-301F-11D3-BF4B-00C04F79EFBC}") = "Tyuiu.KhabibullinMR.Sprint2.Task4.V4.Test", "Tyuiu.KhabibullinMR.Sprint2.Task4.V4.Test\Tyuiu.KhabibullinMR.Sprint2.Task4.V4.Test.csproj", "{C952BA0F-F139-4DC9-97E7-D33C2D51FD16}"
EndProject
Global
	GlobalSection(SolutionConfigurationPlatforms) = preSolution
		Debug|Any CPU = Debug|Any CPU
		Release|Any CPU = Release|Any CPU
	EndGlobalSection
	GlobalSection(ProjectConfigurationPlatforms) = postSolution
		{75DE3F88-63F6-4507-BC20-CCBC67B330D7}.Debug|Any CPU.ActiveCfg = Debug|Any CPU
		{75DE3F88-63F6-4507-BC20-CCBC67B330D7}.Debug|Any CPU.Build.0 = Debug|Any CPU
		{75DE3F88-63F6-4507-BC20-CCBC67B330D7}.Release|Any CPU.ActiveCfg = Release|Any CPU
		{75DE3F88-63F6-4507-BC20-CCBC67B330D7}.Release|Any CPU.Build.0 = Release|Any CPU
		{ED56DFDE-84FC-4BE9-BD76-F30FE0D21FAD}.Debug|Any CPU.ActiveCfg = Debug|Any CPU
		{ED56DFDE-84FC-4BE9-BD76-F30FE0D21FAD}.Debug|Any CPU.Build.0 = Debug|Any CPU
		{ED56DFDE-84FC-4BE9-BD76-F30FE0D21FAD}.Release|Any CPU.ActiveCfg = Release|Any CPU
		{ED56DFDE-84FC-4BE9-BD76-F30FE0D21FAD}.Release|Any CPU.Build.0 = Release|Any CPU
		{553426E3-4BB1-4663-9F27-8F50A969B3F4}.Debug|Any CPU.ActiveCfg = Debug|Any CPU
		{553426E3-4BB1-4663-9F27-8F50A969B3F4}.Debug|Any CPU.Build.0 = Debug|Any CPU
		{553426E3-4BB1-4663-9F27-8F50A969B3F4}.Release|Any CPU.ActiveCfg = Release|Any CPU
		{553426E3-4BB1-4663-9F27-8F50A969B3F4}.Release|Any CPU.Build.0 = Release|Any CPU
		{A2014A53-54CE-4A73-8F81-EBC5A53B10AE}.Debug|Any CPU.ActiveCfg = Debug|Any CPU
		{A2014A53-54CE-4A73-8F81-EBC5A53B10AE}.Debug|Any CPU.Build.0 = Debug|Any CPU
		{A2014A53-54CE-4A73-8F81-EBC5A53B10AE}.Release|Any CPU.ActiveCfg = Release|Any CPU
		{A2014A53-54CE-4A73-8F81-EBC5A53B10AE}.Release|Any CPU.Build.0 = Release|Any CPU
		{A1266094-00EB-4EDE-BFE3-A4296CB0263C}.Debug|Any CPU.ActiveCfg = Debug|Any CPU
		{A1266094-00EB-4EDE-BFE3-A4296CB0263C}.Debug|Any CPU.Build.0 = Debug|Any CPU
		{A1266094-00EB-4EDE-BFE3-A4296CB0263C}.Release|Any CPU.ActiveCfg = Release|Any CPU
		{A1266094-00EB-4EDE-BFE3-A4296CB0263C}.Release|Any CPU.Build.0 = Release|Any CPU
		{26580F80-142E-4A35-92AF-0E4102DDD535}.Debug|Any CPU.ActiveCfg = Debug|Any CPU
		{26580F80-142E-4A35-92AF-0E4102DDD535}.Debug|Any CPU.Build.0 = Debug|Any CPU
		{26580F80-142E-4A35-92AF-0E4102DDD535}.Release|Any CPU.ActiveCfg = Release|Any CPU
		{26580F80-142E-4A35-92AF-0E4102DDD535}.Release|Any CPU.Build.0 = Release|Any CPU
		{B6531AE8-A1AA-4354-8C4D-E6B94DE07320}.Debug|Any CPU.ActiveCfg = Debug|Any CPU
		{B6531AE8-A1AA-4354-8C4D-E6B94DE07320}.Debug|Any CPU.Build.0 = Debug|Any CPU
		{B6531AE8-A1AA-4354-8C4D-E6B94DE07320}.Release|Any CPU.ActiveCfg = Release|Any CPU
		{B6531AE8-A1AA-4354-8C4D-E6B94DE07320}.Release|Any CPU.Build.0 = Release|Any CPU
		{35C2F5C7-DB2E-482A-9F94-C371F03878BB}.Debug|Any CPU.ActiveCfg = Debug|Any CPU
		{35C2F5C7-DB2E-482A-9F94-C371F03878BB}.Debug|Any CPU.Build.0 = Debug|Any CPU
		{35C2F5C7-DB2E-482A-9F94-C371F03878BB}.Release|Any CPU.ActiveCfg = Release|Any CPU
		{35C2F5C7-DB2E-482A-9F94-C371F03878BB}.Release|Any CPU.Build.0 = Release|Any CPU
		{02C415CD-A403-4421-96B8-077C38C0E9EB}.Debug|Any CPU.ActiveCfg = Debug|Any CPU
		{02C415CD-A403-4421-96B8-077C38C0E9EB}.Debug|Any CPU.Build.0 = Debug|Any CPU
		{02C415CD-A403-4421-96B8-077C38C0E9EB}.Release|Any CPU.ActiveCfg = Release|Any CPU
		{02C415CD-A403-4421-96B8-077C38C0E9EB}.Release|Any CPU.Build.0 = Release|Any CPU
		{4DAAEDF4-625C-4FA9-BCDE-B6DB55196A13}.Debug|Any CPU.ActiveCfg = Debug|Any CPU
		{4DAAEDF4-625C-4FA9-BCDE-B6DB55196A13}.Debug|Any CPU.Build.0 = Debug|Any CPU
		{4DAAEDF4-625C-4FA9-BCDE-B6DB55196A13}.Release|Any CPU.ActiveCfg = Release|Any CPU
		{4DAAEDF4-625C-4FA9-BCDE-B6DB55196A13}.Release|Any CPU.Build.0 = Release|Any CPU
		{AD964519-B01F-46E9-A00E-CBD12257A8CE}.Debug|Any CPU.ActiveCfg = Debug|Any CPU
		{AD964519-B01F-46E9-A00E-CBD12257A8CE}.Debug|Any CPU.Build.0 = Debug|Any CPU
		{AD964519-B01F-46E9-A00E-CBD12257A8CE}.Release|Any CPU.ActiveCfg = Release|Any CPU
		{AD964519-B01F-46E9-A00E-CBD12257A8CE}.Release|Any CPU.Build.0 = Release|Any CPU
		{B01ECD55-F424-4DB8-8C1F-7500A3C7269E}.Debug|Any CPU.ActiveCfg = Debug|Any CPU
		{B01ECD55-F424-4DB8-8C1F-7500A3C7269E}.Debug|Any CPU.Build.0 = Debug|Any CPU
		{B01ECD55-F424-4DB8-8C1F-7500A3C7269E}.Release|Any CPU.ActiveCfg = Release|Any CPU
		{B01ECD55-F424-4DB8-8C1F-7500A3C7269E}.Release|Any CPU.Build.0 = Release|Any CPU
		{5BE59D81-5862-4949-962E-08853750B774}.Debug|Any CPU.ActiveCfg = Debug|Any CPU
		{5BE59D81-5862-4949-962E-08853750B774}.Debug|Any CPU.Build.0 = Debug|Any CPU
		{5BE59D81-5862-4949-962E-08853750B774}.Release|Any CPU.ActiveCfg = Release|Any CPU
		{5BE59D81-5862-4949-962E-08853750B774}.Release|Any CPU.Build.0 = Release|Any CPU
		{8C1889D8-4E6B-48F1-B853-7CF7C50F8166}.Debug|Any CPU.ActiveCfg = Debug|Any CPU
		{8C1889D8-4E6B-48F1-B853-7CF7C50F8166}.Debug|Any CPU.Build.0 = Debug|Any CPU
		{8C1889D8-4E6B-48F1-B853-7CF7C50F8166}.Release|Any CPU.ActiveCfg = Release|Any CPU
		{8C1889D8-4E6B-48F1-B853-7CF7C50F8166}.Release|Any CPU.Build.0 = Release|Any CPU
		{C952BA0F-F139-4DC9-97E7-D33C2D51FD16}.Debug|Any CPU.ActiveCfg = Debug|Any CPU
		{C952BA0F-F139-4DC9-97E7-D33C2D51FD16}.Debug|Any CPU.Build.0 = Debug|Any CPU
		{C952BA0F-F139-4DC9-97E7-D33C2D51FD16}.Release|Any CPU.ActiveCfg = Release|Any CPU
		{C952BA0F-F139-4DC9-97E7-D33C2D51FD16}.Release|Any CPU.Build.0 = Release|Any CPU
	EndGlobalSection
	GlobalSection(SolutionProperties) = preSolution
		HideSolutionNode = FALSE
	EndGlobalSection
	GlobalSection(NestedProjects) = preSolution
		{75DE3F88-63F6-4507-BC20-CCBC67B330D7} = {421AD164-C59E-409C-B925-C0465F59EDCA}
		{ED56DFDE-84FC-4BE9-BD76-F30FE0D21FAD} = {421AD164-C59E-409C-B925-C0465F59EDCA}
		{553426E3-4BB1-4663-9F27-8F50A969B3F4} = {421AD164-C59E-409C-B925-C0465F59EDCA}
		{A2014A53-54CE-4A73-8F81-EBC5A53B10AE} = {F84507D9-76AD-4EF8-BB68-E8C7F5623834}
		{A1266094-00EB-4EDE-BFE3-A4296CB0263C} = {F84507D9-76AD-4EF8-BB68-E8C7F5623834}
		{26580F80-142E-4A35-92AF-0E4102DDD535} = {F84507D9-76AD-4EF8-BB68-E8C7F5623834}
		{B6531AE8-A1AA-4354-8C4D-E6B94DE07320} = {D5F465E5-47FF-4F97-8AA7-546E49212622}
		{35C2F5C7-DB2E-482A-9F94-C371F03878BB} = {D5F465E5-47FF-4F97-8AA7-546E49212622}
		{02C415CD-A403-4421-96B8-077C38C0E9EB} = {D5F465E5-47FF-4F97-8AA7-546E49212622}
		{4DAAEDF4-625C-4FA9-BCDE-B6DB55196A13} = {88B67F6C-9202-48B9-BBF1-83608EBD3CFE}
		{AD964519-B01F-46E9-A00E-CBD12257A8CE} = {88B67F6C-9202-48B9-BBF1-83608EBD3CFE}
		{B01ECD55-F424-4DB8-8C1F-7500A3C7269E} = {88B67F6C-9202-48B9-BBF1-83608EBD3CFE}
		{5BE59D81-5862-4949-962E-08853750B774} = {2F975FB2-A990-4A08-8095-23E9460CE38C}
		{8C1889D8-4E6B-48F1-B853-7CF7C50F8166} = {2F975FB2-A990-4A08-8095-23E9460CE38C}
		{C952BA0F-F139-4DC9-97E7-D33C2D51FD16} = {2F975FB2-A990-4A08-8095-23E9460CE38C}
	EndGlobalSection
	GlobalSection(ExtensibilityGlobals) = postSolution
		SolutionGuid = {655AC5C6-F7D3-452D-98AE-9306854584E1}
	EndGlobalSection
EndGlobal
